{
  "name": "markov",
  "version": "1.0.0",
  "lockfileVersion": 1,
  "requires": true,
  "dependencies": {
    "@babel/runtime": {
      "version": "7.13.10",
      "resolved": "https://registry.npmjs.org/@babel/runtime/-/runtime-7.13.10.tgz",
      "integrity": "sha512-4QPkjJq6Ns3V/RgpEahRk+AGfL0eO6RHHtTWoNNr5mO49G6B5+X6d6THgWEAvTrznU5xYpbAlVKRYcsCgh/Akw==",
      "requires": {
        "regenerator-runtime": "^0.13.4"
      }
    },
    "axios": {
      "version": "0.21.1",
      "resolved": "https://registry.npmjs.org/axios/-/axios-0.21.1.tgz",
      "integrity": "sha512-dKQiRHxGD9PPRIUNIWvZhPTPpl1rf/OxTYKsqKUDjBwYylTvV7SjSHJb9ratfyzM6wCdLCOYLzs73qpg5c4iGA==",
      "requires": {
        "follow-redirects": "^1.10.0"
      }
    },
    "follow-redirects": {
      "version": "1.13.3",
      "resolved": "https://registry.npmjs.org/follow-redirects/-/follow-redirects-1.13.3.tgz",
      "integrity": "sha512-DUgl6+HDzB0iEptNQEXLx/KhTmDb8tZUHSeLqpnjpknR70H0nC2t9N73BK6fN4hOvJ84pKlIQVQ4k5FFlBedKA=="
    },
    "html-entities": {
      "version": "2.2.0",
      "resolved": "https://registry.npmjs.org/html-entities/-/html-entities-2.2.0.tgz",
      "integrity": "sha512-wy65ltEBQPf8884vKoA8fHh+A0++7N/NaBIR+hFesj5HhJK0ANSYlXtBMxV5zo/7pj1os51BQWb02WLNTBghyQ=="
    },
    "lodash.clonedeep": {
      "version": "4.5.0",
      "resolved": "https://registry.npmjs.org/lodash.clonedeep/-/lodash.clonedeep-4.5.0.tgz",
      "integrity": "sha1-4j8/nE+Pvd6HJSnBBxhXoIblzO8="
    },
    "lodash.isplainobject": {
      "version": "4.0.6",
      "resolved": "https://registry.npmjs.org/lodash.isplainobject/-/lodash.isplainobject-4.0.6.tgz",
      "integrity": "sha1-fFJqUtibRcRcxpC4gWO+BJf1UMs="
    },
    "lodash.trim": {
      "version": "4.5.1",
      "resolved": "https://registry.npmjs.org/lodash.trim/-/lodash.trim-4.5.1.tgz",
      "integrity": "sha1-NkJefukL5KpeJ7zruFt9EepHqlc="
    },
    "lodash.without": {
      "version": "4.4.0",
      "resolved": "https://registry.npmjs.org/lodash.without/-/lodash.without-4.4.0.tgz",
      "integrity": "sha1-PNRXSgC2e643OpS3SHcmQFB7eqw="
    },
    "ranges-apply": {
      "version": "5.0.10",
      "resolved": "https://registry.npmjs.org/ranges-apply/-/ranges-apply-5.0.10.tgz",
      "integrity": "sha512-jUNP8IZyD0lgkLfWMGscAbxnxL/ezsa9f1mB87AeH9OVersownEVmouDgH6xE7SChUepRlm7ew5ttFf4rrIn3w==",
      "requires": {
        "@babel/runtime": "^7.13.10",
        "ranges-merge": "^7.0.10"
      }
    },
    "ranges-merge": {
      "version": "7.0.10",
      "resolved": "https://registry.npmjs.org/ranges-merge/-/ranges-merge-7.0.10.tgz",
      "integrity": "sha512-o0kaWjrClxP/RUjAgKuTGkXyq01MoAWzB+FPwADPHPfLudRR7dA+NPQpOJmqlFFhwotjSfnyzdR1DfH/SBV60A==",
      "requires": {
        "@babel/runtime": "^7.13.10",
        "ranges-push": "^5.0.10",
        "ranges-sort": "^4.0.10"
      }
    },
    "ranges-push": {
      "version": "5.0.10",
      "resolved": "https://registry.npmjs.org/ranges-push/-/ranges-push-5.0.10.tgz",
      "integrity": "sha512-zHPqYcghkwq/PpX48rB3nuKJGe71oCmCSzFPUMkUJp/ipZC2Xd9u1GYX7Hkro4A7MEGkIxM/czLyt588b9AeSg==",
      "requires": {
        "@babel/runtime": "^7.13.10",
        "ranges-merge": "^7.0.10",
        "string-collapse-leading-whitespace": "^5.0.10",
        "string-trim-spaces-only": "^3.0.10"
      }
    },
    "ranges-sort": {
      "version": "4.0.10",
      "resolved": "https://registry.npmjs.org/ranges-sort/-/ranges-sort-4.0.10.tgz",
      "integrity": "sha512-tEK2byT2eiR4MaxVW8II8q4ilLqmqyslT0HKO01Q9K4UXI7ygeq0W4k25cA9EKwUfTaeIWXYz194i8SRGCH0jg==",
      "requires": {
        "@babel/runtime": "^7.13.10"
      }
    },
    "regenerator-runtime": {
      "version": "0.13.7",
      "resolved": "https://registry.npmjs.org/regenerator-runtime/-/regenerator-runtime-0.13.7.tgz",
      "integrity": "sha512-a54FxoJDIr27pgf7IgeQGxmqUNYrcV338lf/6gH456HZ/PhX+5BcwHXG9ajESmwe6WRO0tAzRUrRmNONWgkrew=="
    },
    "string-collapse-leading-whitespace": {
      "version": "5.0.10",
      "resolved": "https://registry.npmjs.org/string-collapse-leading-whitespace/-/string-collapse-leading-whitespace-5.0.10.tgz",
      "integrity": "sha512-TqQo4mfIucURcsmqGUsEHKfuK2Jx+VHL4tfmmlIbnWMDzeMqU4YHJH80Qd2WfiLXCl1bN8WqwDfdsTk9kWVVpA==",
      "requires": {
        "@babel/runtime": "^7.13.10"
      }
    },
    "string-left-right": {
      "version": "4.0.10",
      "resolved": "https://registry.npmjs.org/string-left-right/-/string-left-right-4.0.10.tgz",
      "integrity": "sha512-xp9S/NGQj2NsgzvJQItwuOPhYUjY8Mj5celrrg8SOTYfG/o93aHh7L2Bjwh2TpUuLl4p7C2R9+dpDZqWOeFo0w==",
      "requires": {
        "@babel/runtime": "^7.13.10",
        "lodash.clonedeep": "^4.5.0",
        "lodash.isplainobject": "^4.0.6"
      }
    },
    "string-strip-html": {
      "version": "8.2.7",
      "resolved": "https://registry.npmjs.org/string-strip-html/-/string-strip-html-8.2.7.tgz",
      "integrity": "sha512-jGt1kVn9U4t62pjoD5Gei0Ah6sd0K0KG7mjpQ0yFHWbO+4jo7z3MtG5VABqzOjm0hPuUlIsLptjaMxvn8BB9Tw==",
      "requires": {
        "@babel/runtime": "^7.13.10",
        "html-entities": "^2.1.1",
        "lodash.isplainobject": "^4.0.6",
        "lodash.trim": "^4.5.1",
        "lodash.without": "^4.4.0",
        "ranges-apply": "^5.0.10",
        "ranges-push": "^5.0.10",
        "string-left-right": "^4.0.10"
      }
    },
    "string-trim-spaces-only": {
      "version": "3.0.10",
      "resolved": "https://registry.npmjs.org/string-trim-spaces-only/-/string-trim-spaces-only-3.0.10.tgz",
      "integrity": "sha512-cR0Z2+nqp21QwDOu4q86VqCd0myytHHZVXpsF5hUNPVzSiPtMATrBlSQqZo4EJ+Aee+PP2VBLheeIH0hv7Flhw==",
      "requires": {
        "@babel/runtime": "^7.13.10"
      }
    }
  }
}
